
Microsoft Visual Studio Solution File, Format Version 12.00
# Visual Studio Version 17
VisualStudioVersion = 17.11.35327.3
MinimumVisualStudioVersion = 10.0.40219.1
Project("{FAE04EC0-301F-11D3-BF4B-00C04F79EFBC}") = "Практическая №7", "Практическая №7.csproj", "{8F7727DD-CAEB-4B4F-82BE-206ED1DEF2DE}"
EndProject
Global
	GlobalSection(SolutionConfigurationPlatforms) = preSolution
		Debug|Any CPU = Debug|Any CPU
		Release|Any CPU = Release|Any CPU
	EndGlobalSection
	GlobalSection(ProjectConfigurationPlatforms) = postSolution
		{8F7727DD-CAEB-4B4F-82BE-206ED1DEF2DE}.Debug|Any CPU.ActiveCfg = Debug|Any CPU
		{8F7727DD-CAEB-4B4F-82BE-206ED1DEF2DE}.Debug|Any CPU.Build.0 = Debug|Any CPU
		{8F7727DD-CAEB-4B4F-82BE-206ED1DEF2DE}.Release|Any CPU.ActiveCfg = Release|Any CPU
		{8F7727DD-CAEB-4B4F-82BE-206ED1DEF2DE}.Release|Any CPU.Build.0 = Release|Any CPU
	EndGlobalSection
	GlobalSection(SolutionProperties) = preSolution
		HideSolutionNode = FALSE
	EndGlobalSection
	GlobalSection(ExtensibilityGlobals) = postSolution
		SolutionGuid = {678C5B15-AC37-466E-82CB-D67739107338}
	EndGlobalSection
EndGlobal
